// !$*UTF8*$!
{
	archiveVersion = 1;
	classes = {
	};
	objectVersion = 56;
	objects = {

/* Begin PBXBuildFile section */
		276710ED2BB4D62C000F9722 /* UserInfoViewController.swift in Sources */ = {isa = PBXBuildFile; fileRef = 276710EC2BB4D62C000F9722 /* UserInfoViewController.swift */; };
		2767A2952B9A068D00D209AF /* UIHelper.swift in Sources */ = {isa = PBXBuildFile; fileRef = 2767A2942B9A068D00D209AF /* UIHelper.swift */; };
		278FCE542B91E7E400992398 /* AppDelegate.swift in Sources */ = {isa = PBXBuildFile; fileRef = 278FCE532B91E7E400992398 /* AppDelegate.swift */; };
		278FCE562B91E7E400992398 /* SceneDelegate.swift in Sources */ = {isa = PBXBuildFile; fileRef = 278FCE552B91E7E400992398 /* SceneDelegate.swift */; };
		278FCE5D2B91E7E600992398 /* Assets.xcassets in Resources */ = {isa = PBXBuildFile; fileRef = 278FCE5C2B91E7E600992398 /* Assets.xcassets */; };
		278FCE602B91E7E600992398 /* LaunchScreen.storyboard in Resources */ = {isa = PBXBuildFile; fileRef = 278FCE5E2B91E7E600992398 /* LaunchScreen.storyboard */; };
		278FCE692B92289300992398 /* SearchViewController.swift in Sources */ = {isa = PBXBuildFile; fileRef = 278FCE682B92289300992398 /* SearchViewController.swift */; };
		278FCE6B2B9228D100992398 /* FavoritesListViewController.swift in Sources */ = {isa = PBXBuildFile; fileRef = 278FCE6A2B9228D100992398 /* FavoritesListViewController.swift */; };
		278FCE6D2B923A9100992398 /* GHFButton.swift in Sources */ = {isa = PBXBuildFile; fileRef = 278FCE6C2B923A9100992398 /* GHFButton.swift */; };
		278FCE6F2B923E3F00992398 /* GHFTextField.swift in Sources */ = {isa = PBXBuildFile; fileRef = 278FCE6E2B923E3F00992398 /* GHFTextField.swift */; };
		278FCE712B933F9100992398 /* FollowersListViewController.swift in Sources */ = {isa = PBXBuildFile; fileRef = 278FCE702B933F9100992398 /* FollowersListViewController.swift */; };
		278FCE732B937B6900992398 /* GHFTitleLabel.swift in Sources */ = {isa = PBXBuildFile; fileRef = 278FCE722B937B6900992398 /* GHFTitleLabel.swift */; };
		278FCE752B937D7600992398 /* GHFBodyLabel.swift in Sources */ = {isa = PBXBuildFile; fileRef = 278FCE742B937D7600992398 /* GHFBodyLabel.swift */; };
		278FCE772B937EA700992398 /* GHFAlertViewController.swift in Sources */ = {isa = PBXBuildFile; fileRef = 278FCE762B937EA700992398 /* GHFAlertViewController.swift */; };
		278FCE792B9388AF00992398 /* UIViewController+AlertController.swift in Sources */ = {isa = PBXBuildFile; fileRef = 278FCE782B9388AF00992398 /* UIViewController+AlertController.swift */; };
		278FCE812B95EF4C00992398 /* Follower.swift in Sources */ = {isa = PBXBuildFile; fileRef = 278FCE802B95EF4C00992398 /* Follower.swift */; };
		278FCE832B95F0C300992398 /* User.swift in Sources */ = {isa = PBXBuildFile; fileRef = 278FCE822B95F0C300992398 /* User.swift */; };
		278FCE862B960D3E00992398 /* NetworkManager.swift in Sources */ = {isa = PBXBuildFile; fileRef = 278FCE852B960D3E00992398 /* NetworkManager.swift */; };
		278FCE8D2B971D9800992398 /* FollowerCollectionViewCell.swift in Sources */ = {isa = PBXBuildFile; fileRef = 278FCE8C2B971D9800992398 /* FollowerCollectionViewCell.swift */; };
		278FCE8F2B971EE200992398 /* GHFAvatarImageView.swift in Sources */ = {isa = PBXBuildFile; fileRef = 278FCE8E2B971EE200992398 /* GHFAvatarImageView.swift */; };
		27B0E5D72BC3FC3200CD5876 /* FavoriteTableViewCell.swift in Sources */ = {isa = PBXBuildFile; fileRef = 27B0E5D62BC3FC3200CD5876 /* FavoriteTableViewCell.swift */; };
		27B0E5DA2BC4422000CD5876 /* GHFTabBarController.swift in Sources */ = {isa = PBXBuildFile; fileRef = 27B0E5D92BC4422000CD5876 /* GHFTabBarController.swift */; };
		27B0E5DC2BC45CF900CD5876 /* GHFAlertContainerView.swift in Sources */ = {isa = PBXBuildFile; fileRef = 27B0E5DB2BC45CF900CD5876 /* GHFAlertContainerView.swift */; };
		27B0E5DE2BC4674F00CD5876 /* GHFDataLoadingViewController.swift in Sources */ = {isa = PBXBuildFile; fileRef = 27B0E5DD2BC4674F00CD5876 /* GHFDataLoadingViewController.swift */; };
		27B0E5E02BC73BD000CD5876 /* UIView+Extension.swift in Sources */ = {isa = PBXBuildFile; fileRef = 27B0E5DF2BC73BD000CD5876 /* UIView+Extension.swift */; };
		27DCC16F2BB59D52001D8458 /* GHFError.swift in Sources */ = {isa = PBXBuildFile; fileRef = 27DCC16E2BB59D52001D8458 /* GHFError.swift */; };
		27DCC1712BB5A498001D8458 /* GHFSecondaryTitleLabel.swift in Sources */ = {isa = PBXBuildFile; fileRef = 27DCC1702BB5A498001D8458 /* GHFSecondaryTitleLabel.swift */; };
		27DCC1732BB5A5CD001D8458 /* GHFUserInfoHeaderViewController.swift in Sources */ = {isa = PBXBuildFile; fileRef = 27DCC1722BB5A5CD001D8458 /* GHFUserInfoHeaderViewController.swift */; };
		27DCC1752BB5AAAA001D8458 /* Constants.swift in Sources */ = {isa = PBXBuildFile; fileRef = 27DCC1742BB5AAAA001D8458 /* Constants.swift */; };
		27DCC1772BB600F8001D8458 /* GHFItemInfoView.swift in Sources */ = {isa = PBXBuildFile; fileRef = 27DCC1762BB600F8001D8458 /* GHFItemInfoView.swift */; };
		27DCC1792BB6041F001D8458 /* GHFItemInfoViewController.swift in Sources */ = {isa = PBXBuildFile; fileRef = 27DCC1782BB6041F001D8458 /* GHFItemInfoViewController.swift */; };
		27DCC17B2BBC62F6001D8458 /* GHFRepoItemViewController.swift in Sources */ = {isa = PBXBuildFile; fileRef = 27DCC17A2BBC62F6001D8458 /* GHFRepoItemViewController.swift */; };
		27DCC17D2BBC675C001D8458 /* GHFFollowerItemViewController.swift in Sources */ = {isa = PBXBuildFile; fileRef = 27DCC17C2BBC675C001D8458 /* GHFFollowerItemViewController.swift */; };
		27DCC1802BBC7B6E001D8458 /* Date+Extension.swift in Sources */ = {isa = PBXBuildFile; fileRef = 27DCC17F2BBC7B6E001D8458 /* Date+Extension.swift */; };
		27DCC1C12BBEF1DE001D8458 /* UIViewController+Safari.swift in Sources */ = {isa = PBXBuildFile; fileRef = 27DCC1C02BBEF1DE001D8458 /* UIViewController+Safari.swift */; };
		27DCC1C32BC00BB6001D8458 /* PersistenceManager.swift in Sources */ = {isa = PBXBuildFile; fileRef = 27DCC1C22BC00BB6001D8458 /* PersistenceManager.swift */; };
		27EA2C3C2B9CE8720077B69E /* GHFEmptyStateView.swift in Sources */ = {isa = PBXBuildFile; fileRef = 27EA2C3B2B9CE8720077B69E /* GHFEmptyStateView.swift */; };
/* End PBXBuildFile section */

/* Begin PBXFileReference section */
		276710EC2BB4D62C000F9722 /* UserInfoViewController.swift */ = {isa = PBXFileReference; lastKnownFileType = sourcecode.swift; path = UserInfoViewController.swift; sourceTree = "<group>"; };
		2767A2942B9A068D00D209AF /* UIHelper.swift */ = {isa = PBXFileReference; lastKnownFileType = sourcecode.swift; path = UIHelper.swift; sourceTree = "<group>"; };
		278FCE502B91E7E400992398 /* GHFollowers.app */ = {isa = PBXFileReference; explicitFileType = wrapper.application; includeInIndex = 0; path = GHFollowers.app; sourceTree = BUILT_PRODUCTS_DIR; };
		278FCE532B91E7E400992398 /* AppDelegate.swift */ = {isa = PBXFileReference; lastKnownFileType = sourcecode.swift; path = AppDelegate.swift; sourceTree = "<group>"; };
		278FCE552B91E7E400992398 /* SceneDelegate.swift */ = {isa = PBXFileReference; lastKnownFileType = sourcecode.swift; path = SceneDelegate.swift; sourceTree = "<group>"; };
		278FCE5C2B91E7E600992398 /* Assets.xcassets */ = {isa = PBXFileReference; lastKnownFileType = folder.assetcatalog; path = Assets.xcassets; sourceTree = "<group>"; };
		278FCE5F2B91E7E600992398 /* Base */ = {isa = PBXFileReference; lastKnownFileType = file.storyboard; name = Base; path = Base.lproj/LaunchScreen.storyboard; sourceTree = "<group>"; };
		278FCE612B91E7E600992398 /* Info.plist */ = {isa = PBXFileReference; lastKnownFileType = text.plist.xml; path = Info.plist; sourceTree = "<group>"; };
		278FCE682B92289300992398 /* SearchViewController.swift */ = {isa = PBXFileReference; lastKnownFileType = sourcecode.swift; path = SearchViewController.swift; sourceTree = "<group>"; };
		278FCE6A2B9228D100992398 /* FavoritesListViewController.swift */ = {isa = PBXFileReference; lastKnownFileType = sourcecode.swift; path = FavoritesListViewController.swift; sourceTree = "<group>"; };
		278FCE6C2B923A9100992398 /* GHFButton.swift */ = {isa = PBXFileReference; lastKnownFileType = sourcecode.swift; path = GHFButton.swift; sourceTree = "<group>"; };
		278FCE6E2B923E3F00992398 /* GHFTextField.swift */ = {isa = PBXFileReference; lastKnownFileType = sourcecode.swift; path = GHFTextField.swift; sourceTree = "<group>"; };
		278FCE702B933F9100992398 /* FollowersListViewController.swift */ = {isa = PBXFileReference; lastKnownFileType = sourcecode.swift; path = FollowersListViewController.swift; sourceTree = "<group>"; };
		278FCE722B937B6900992398 /* GHFTitleLabel.swift */ = {isa = PBXFileReference; lastKnownFileType = sourcecode.swift; path = GHFTitleLabel.swift; sourceTree = "<group>"; };
		278FCE742B937D7600992398 /* GHFBodyLabel.swift */ = {isa = PBXFileReference; lastKnownFileType = sourcecode.swift; path = GHFBodyLabel.swift; sourceTree = "<group>"; };
		278FCE762B937EA700992398 /* GHFAlertViewController.swift */ = {isa = PBXFileReference; lastKnownFileType = sourcecode.swift; path = GHFAlertViewController.swift; sourceTree = "<group>"; };
		278FCE782B9388AF00992398 /* UIViewController+AlertController.swift */ = {isa = PBXFileReference; lastKnownFileType = sourcecode.swift; path = "UIViewController+AlertController.swift"; sourceTree = "<group>"; };
		278FCE802B95EF4C00992398 /* Follower.swift */ = {isa = PBXFileReference; lastKnownFileType = sourcecode.swift; path = Follower.swift; sourceTree = "<group>"; };
		278FCE822B95F0C300992398 /* User.swift */ = {isa = PBXFileReference; lastKnownFileType = sourcecode.swift; path = User.swift; sourceTree = "<group>"; };
		278FCE852B960D3E00992398 /* NetworkManager.swift */ = {isa = PBXFileReference; lastKnownFileType = sourcecode.swift; path = NetworkManager.swift; sourceTree = "<group>"; };
		278FCE8C2B971D9800992398 /* FollowerCollectionViewCell.swift */ = {isa = PBXFileReference; lastKnownFileType = sourcecode.swift; path = FollowerCollectionViewCell.swift; sourceTree = "<group>"; };
		278FCE8E2B971EE200992398 /* GHFAvatarImageView.swift */ = {isa = PBXFileReference; lastKnownFileType = sourcecode.swift; path = GHFAvatarImageView.swift; sourceTree = "<group>"; };
		27B0E5D62BC3FC3200CD5876 /* FavoriteTableViewCell.swift */ = {isa = PBXFileReference; lastKnownFileType = sourcecode.swift; path = FavoriteTableViewCell.swift; sourceTree = "<group>"; };
		27B0E5D92BC4422000CD5876 /* GHFTabBarController.swift */ = {isa = PBXFileReference; lastKnownFileType = sourcecode.swift; path = GHFTabBarController.swift; sourceTree = "<group>"; };
		27B0E5DB2BC45CF900CD5876 /* GHFAlertContainerView.swift */ = {isa = PBXFileReference; lastKnownFileType = sourcecode.swift; path = GHFAlertContainerView.swift; sourceTree = "<group>"; };
		27B0E5DD2BC4674F00CD5876 /* GHFDataLoadingViewController.swift */ = {isa = PBXFileReference; lastKnownFileType = sourcecode.swift; path = GHFDataLoadingViewController.swift; sourceTree = "<group>"; };
		27B0E5DF2BC73BD000CD5876 /* UIView+Extension.swift */ = {isa = PBXFileReference; lastKnownFileType = sourcecode.swift; path = "UIView+Extension.swift"; sourceTree = "<group>"; };
		27DCC16E2BB59D52001D8458 /* GHFError.swift */ = {isa = PBXFileReference; lastKnownFileType = sourcecode.swift; path = GHFError.swift; sourceTree = "<group>"; };
		27DCC1702BB5A498001D8458 /* GHFSecondaryTitleLabel.swift */ = {isa = PBXFileReference; lastKnownFileType = sourcecode.swift; path = GHFSecondaryTitleLabel.swift; sourceTree = "<group>"; };
		27DCC1722BB5A5CD001D8458 /* GHFUserInfoHeaderViewController.swift */ = {isa = PBXFileReference; lastKnownFileType = sourcecode.swift; path = GHFUserInfoHeaderViewController.swift; sourceTree = "<group>"; };
		27DCC1742BB5AAAA001D8458 /* Constants.swift */ = {isa = PBXFileReference; lastKnownFileType = sourcecode.swift; path = Constants.swift; sourceTree = "<group>"; };
		27DCC1762BB600F8001D8458 /* GHFItemInfoView.swift */ = {isa = PBXFileReference; lastKnownFileType = sourcecode.swift; path = GHFItemInfoView.swift; sourceTree = "<group>"; };
		27DCC1782BB6041F001D8458 /* GHFItemInfoViewController.swift */ = {isa = PBXFileReference; lastKnownFileType = sourcecode.swift; path = GHFItemInfoViewController.swift; sourceTree = "<group>"; };
		27DCC17A2BBC62F6001D8458 /* GHFRepoItemViewController.swift */ = {isa = PBXFileReference; lastKnownFileType = sourcecode.swift; path = GHFRepoItemViewController.swift; sourceTree = "<group>"; };
		27DCC17C2BBC675C001D8458 /* GHFFollowerItemViewController.swift */ = {isa = PBXFileReference; lastKnownFileType = sourcecode.swift; path = GHFFollowerItemViewController.swift; sourceTree = "<group>"; };
		27DCC17F2BBC7B6E001D8458 /* Date+Extension.swift */ = {isa = PBXFileReference; lastKnownFileType = sourcecode.swift; path = "Date+Extension.swift"; sourceTree = "<group>"; };
		27DCC1832BBEE2F0001D8458 /* GHFollowers.entitlements */ = {isa = PBXFileReference; lastKnownFileType = text.plist.entitlements; path = GHFollowers.entitlements; sourceTree = "<group>"; };
		27DCC1C02BBEF1DE001D8458 /* UIViewController+Safari.swift */ = {isa = PBXFileReference; lastKnownFileType = sourcecode.swift; path = "UIViewController+Safari.swift"; sourceTree = "<group>"; };
		27DCC1C22BC00BB6001D8458 /* PersistenceManager.swift */ = {isa = PBXFileReference; lastKnownFileType = sourcecode.swift; path = PersistenceManager.swift; sourceTree = "<group>"; };
		27EA2C3B2B9CE8720077B69E /* GHFEmptyStateView.swift */ = {isa = PBXFileReference; lastKnownFileType = sourcecode.swift; path = GHFEmptyStateView.swift; sourceTree = "<group>"; };
/* End PBXFileReference section */

/* Begin PBXFrameworksBuildPhase section */
		278FCE4D2B91E7E400992398 /* Frameworks */ = {
			isa = PBXFrameworksBuildPhase;
			buildActionMask = 2147483647;
			files = (
			);
			runOnlyForDeploymentPostprocessing = 0;
		};
/* End PBXFrameworksBuildPhase section */

/* Begin PBXGroup section */
		278FCE472B91E7E400992398 = {
			isa = PBXGroup;
			children = (
				278FCE522B91E7E400992398 /* GHFollowers */,
				278FCE512B91E7E400992398 /* Products */,
			);
			sourceTree = "<group>";
		};
		278FCE512B91E7E400992398 /* Products */ = {
			isa = PBXGroup;
			children = (
				278FCE502B91E7E400992398 /* GHFollowers.app */,
			);
			name = Products;
			sourceTree = "<group>";
		};
		278FCE522B91E7E400992398 /* GHFollowers */ = {
			isa = PBXGroup;
			children = (
				27DCC1832BBEE2F0001D8458 /* GHFollowers.entitlements */,
				278FCE872B963C3E00992398 /* Utils */,
				278FCE842B960D2800992398 /* Managers */,
				278FCE612B91E7E600992398 /* Info.plist */,
				278FCE7F2B95EF2C00992398 /* Models */,
				278FCE7E2B9491FB00992398 /* Support */,
				278FCE7D2B9491D100992398 /* Products */,
				278FCE7C2B94918E00992398 /* Extensions */,
				278FCE7B2B94916300992398 /* Views */,
				278FCE7A2B94912800992398 /* Controllers */,
			);
			path = GHFollowers;
			sourceTree = "<group>";
		};
		278FCE7A2B94912800992398 /* Controllers */ = {
			isa = PBXGroup;
			children = (
				27B0E5D82BC441DB00CD5876 /* TabBarControllers */,
				27DCC17E2BBC67DD001D8458 /* GHFItemInfoViewControllers */,
				278FCE702B933F9100992398 /* FollowersListViewController.swift */,
				278FCE762B937EA700992398 /* GHFAlertViewController.swift */,
				278FCE6A2B9228D100992398 /* FavoritesListViewController.swift */,
				278FCE682B92289300992398 /* SearchViewController.swift */,
				276710EC2BB4D62C000F9722 /* UserInfoViewController.swift */,
				27DCC1722BB5A5CD001D8458 /* GHFUserInfoHeaderViewController.swift */,
				27B0E5DD2BC4674F00CD5876 /* GHFDataLoadingViewController.swift */,
			);
			path = Controllers;
			sourceTree = "<group>";
		};
		278FCE7B2B94916300992398 /* Views */ = {
			isa = PBXGroup;
			children = (
				27EA2C3A2B9CE8440077B69E /* CustomViews */,
				27EA2C392B9CE7E10077B69E /* Labels */,
				27EA2C372B9CE79D0077B69E /* ImageViews */,
				27EA2C362B9CE7900077B69E /* TextFields */,
				27EA2C352B9CE7890077B69E /* Buttons */,
				278FCE8B2B971B2500992398 /* Cells */,
			);
			path = Views;
			sourceTree = "<group>";
		};
		278FCE7C2B94918E00992398 /* Extensions */ = {
			isa = PBXGroup;
			children = (
				278FCE782B9388AF00992398 /* UIViewController+AlertController.swift */,
				27DCC17F2BBC7B6E001D8458 /* Date+Extension.swift */,
				27DCC1C02BBEF1DE001D8458 /* UIViewController+Safari.swift */,
				27B0E5DF2BC73BD000CD5876 /* UIView+Extension.swift */,
			);
			path = Extensions;
			sourceTree = "<group>";
		};
		278FCE7D2B9491D100992398 /* Products */ = {
			isa = PBXGroup;
			children = (
			);
			path = Products;
			sourceTree = "<group>";
		};
		278FCE7E2B9491FB00992398 /* Support */ = {
			isa = PBXGroup;
			children = (
				278FCE552B91E7E400992398 /* SceneDelegate.swift */,
				278FCE5C2B91E7E600992398 /* Assets.xcassets */,
				278FCE5E2B91E7E600992398 /* LaunchScreen.storyboard */,
				278FCE532B91E7E400992398 /* AppDelegate.swift */,
			);
			path = Support;
			sourceTree = "<group>";
		};
		278FCE7F2B95EF2C00992398 /* Models */ = {
			isa = PBXGroup;
			children = (
				278FCE802B95EF4C00992398 /* Follower.swift */,
				278FCE822B95F0C300992398 /* User.swift */,
			);
			path = Models;
			sourceTree = "<group>";
		};
		278FCE842B960D2800992398 /* Managers */ = {
			isa = PBXGroup;
			children = (
				278FCE852B960D3E00992398 /* NetworkManager.swift */,
				27DCC1C22BC00BB6001D8458 /* PersistenceManager.swift */,
			);
			path = Managers;
			sourceTree = "<group>";
		};
		278FCE872B963C3E00992398 /* Utils */ = {
			isa = PBXGroup;
			children = (
				2767A2942B9A068D00D209AF /* UIHelper.swift */,
				27DCC16E2BB59D52001D8458 /* GHFError.swift */,
				27DCC1742BB5AAAA001D8458 /* Constants.swift */,
			);
			path = Utils;
			sourceTree = "<group>";
		};
		278FCE8B2B971B2500992398 /* Cells */ = {
			isa = PBXGroup;
			children = (
				278FCE8C2B971D9800992398 /* FollowerCollectionViewCell.swift */,
				27B0E5D62BC3FC3200CD5876 /* FavoriteTableViewCell.swift */,
			);
			path = Cells;
			sourceTree = "<group>";
		};
		27B0E5D82BC441DB00CD5876 /* TabBarControllers */ = {
			isa = PBXGroup;
			children = (
				27B0E5D92BC4422000CD5876 /* GHFTabBarController.swift */,
			);
			path = TabBarControllers;
			sourceTree = "<group>";
		};
		27DCC17E2BBC67DD001D8458 /* GHFItemInfoViewControllers */ = {
			isa = PBXGroup;
			children = (
				27DCC1782BB6041F001D8458 /* GHFItemInfoViewController.swift */,
				27DCC17A2BBC62F6001D8458 /* GHFRepoItemViewController.swift */,
				27DCC17C2BBC675C001D8458 /* GHFFollowerItemViewController.swift */,
			);
			path = GHFItemInfoViewControllers;
			sourceTree = "<group>";
		};
		27EA2C352B9CE7890077B69E /* Buttons */ = {
			isa = PBXGroup;
			children = (
				278FCE6C2B923A9100992398 /* GHFButton.swift */,
			);
			path = Buttons;
			sourceTree = "<group>";
		};
		27EA2C362B9CE7900077B69E /* TextFields */ = {
			isa = PBXGroup;
			children = (
				278FCE6E2B923E3F00992398 /* GHFTextField.swift */,
			);
			path = TextFields;
			sourceTree = "<group>";
		};
		27EA2C372B9CE79D0077B69E /* ImageViews */ = {
			isa = PBXGroup;
			children = (
				278FCE8E2B971EE200992398 /* GHFAvatarImageView.swift */,
			);
			path = ImageViews;
			sourceTree = "<group>";
		};
		27EA2C392B9CE7E10077B69E /* Labels */ = {
			isa = PBXGroup;
			children = (
				278FCE742B937D7600992398 /* GHFBodyLabel.swift */,
				278FCE722B937B6900992398 /* GHFTitleLabel.swift */,
				27DCC1702BB5A498001D8458 /* GHFSecondaryTitleLabel.swift */,
			);
			path = Labels;
			sourceTree = "<group>";
		};
		27EA2C3A2B9CE8440077B69E /* CustomViews */ = {
			isa = PBXGroup;
			children = (
				27EA2C3B2B9CE8720077B69E /* GHFEmptyStateView.swift */,
				27DCC1762BB600F8001D8458 /* GHFItemInfoView.swift */,
				27B0E5DB2BC45CF900CD5876 /* GHFAlertContainerView.swift */,
			);
			path = CustomViews;
			sourceTree = "<group>";
		};
/* End PBXGroup section */

/* Begin PBXNativeTarget section */
		278FCE4F2B91E7E400992398 /* GHFollowers */ = {
			isa = PBXNativeTarget;
			buildConfigurationList = 278FCE642B91E7E600992398 /* Build configuration list for PBXNativeTarget "GHFollowers" */;
			buildPhases = (
				278FCE4C2B91E7E400992398 /* Sources */,
				278FCE4D2B91E7E400992398 /* Frameworks */,
				278FCE4E2B91E7E400992398 /* Resources */,
			);
			buildRules = (
			);
			dependencies = (
			);
			name = GHFollowers;
			productName = GHFollowers;
			productReference = 278FCE502B91E7E400992398 /* GHFollowers.app */;
			productType = "com.apple.product-type.application";
		};
/* End PBXNativeTarget section */

/* Begin PBXProject section */
		278FCE482B91E7E400992398 /* Project object */ = {
			isa = PBXProject;
			attributes = {
				BuildIndependentTargetsInParallel = 1;
				LastSwiftUpdateCheck = 1520;
				LastUpgradeCheck = 1520;
				TargetAttributes = {
					278FCE4F2B91E7E400992398 = {
						CreatedOnToolsVersion = 15.2;
					};
				};
			};
			buildConfigurationList = 278FCE4B2B91E7E400992398 /* Build configuration list for PBXProject "GHFollowers" */;
			compatibilityVersion = "Xcode 14.0";
			developmentRegion = en;
			hasScannedForEncodings = 0;
			knownRegions = (
				en,
				Base,
			);
			mainGroup = 278FCE472B91E7E400992398;
			productRefGroup = 278FCE512B91E7E400992398 /* Products */;
			projectDirPath = "";
			projectRoot = "";
			targets = (
				278FCE4F2B91E7E400992398 /* GHFollowers */,
			);
		};
/* End PBXProject section */

/* Begin PBXResourcesBuildPhase section */
		278FCE4E2B91E7E400992398 /* Resources */ = {
			isa = PBXResourcesBuildPhase;
			buildActionMask = 2147483647;
			files = (
				278FCE602B91E7E600992398 /* LaunchScreen.storyboard in Resources */,
				278FCE5D2B91E7E600992398 /* Assets.xcassets in Resources */,
			);
			runOnlyForDeploymentPostprocessing = 0;
		};
/* End PBXResourcesBuildPhase section */

/* Begin PBXSourcesBuildPhase section */
		278FCE4C2B91E7E400992398 /* Sources */ = {
			isa = PBXSourcesBuildPhase;
			buildActionMask = 2147483647;
			files = (
				278FCE832B95F0C300992398 /* User.swift in Sources */,
				276710ED2BB4D62C000F9722 /* UserInfoViewController.swift in Sources */,
				278FCE692B92289300992398 /* SearchViewController.swift in Sources */,
				27DCC16F2BB59D52001D8458 /* GHFError.swift in Sources */,
				27EA2C3C2B9CE8720077B69E /* GHFEmptyStateView.swift in Sources */,
				278FCE792B9388AF00992398 /* UIViewController+AlertController.swift in Sources */,
				278FCE542B91E7E400992398 /* AppDelegate.swift in Sources */,
				27DCC17D2BBC675C001D8458 /* GHFFollowerItemViewController.swift in Sources */,
				27B0E5E02BC73BD000CD5876 /* UIView+Extension.swift in Sources */,
				278FCE6B2B9228D100992398 /* FavoritesListViewController.swift in Sources */,
				2767A2952B9A068D00D209AF /* UIHelper.swift in Sources */,
				27B0E5D72BC3FC3200CD5876 /* FavoriteTableViewCell.swift in Sources */,
				27DCC17B2BBC62F6001D8458 /* GHFRepoItemViewController.swift in Sources */,
				27DCC1792BB6041F001D8458 /* GHFItemInfoViewController.swift in Sources */,
				278FCE562B91E7E400992398 /* SceneDelegate.swift in Sources */,
				27DCC1732BB5A5CD001D8458 /* GHFUserInfoHeaderViewController.swift in Sources */,
				278FCE6D2B923A9100992398 /* GHFButton.swift in Sources */,
				278FCE8D2B971D9800992398 /* FollowerCollectionViewCell.swift in Sources */,
				27DCC1802BBC7B6E001D8458 /* Date+Extension.swift in Sources */,
				278FCE732B937B6900992398 /* GHFTitleLabel.swift in Sources */,
				27DCC1C12BBEF1DE001D8458 /* UIViewController+Safari.swift in Sources */,
				27DCC1C32BC00BB6001D8458 /* PersistenceManager.swift in Sources */,
				27B0E5DA2BC4422000CD5876 /* GHFTabBarController.swift in Sources */,
				27DCC1772BB600F8001D8458 /* GHFItemInfoView.swift in Sources */,
				278FCE812B95EF4C00992398 /* Follower.swift in Sources */,
				27B0E5DE2BC4674F00CD5876 /* GHFDataLoadingViewController.swift in Sources */,
				278FCE752B937D7600992398 /* GHFBodyLabel.swift in Sources */,
				278FCE8F2B971EE200992398 /* GHFAvatarImageView.swift in Sources */,
				27B0E5DC2BC45CF900CD5876 /* GHFAlertContainerView.swift in Sources */,
				278FCE862B960D3E00992398 /* NetworkManager.swift in Sources */,
				27DCC1712BB5A498001D8458 /* GHFSecondaryTitleLabel.swift in Sources */,
				278FCE772B937EA700992398 /* GHFAlertViewController.swift in Sources */,
				278FCE6F2B923E3F00992398 /* GHFTextField.swift in Sources */,
				278FCE712B933F9100992398 /* FollowersListViewController.swift in Sources */,
				27DCC1752BB5AAAA001D8458 /* Constants.swift in Sources */,
			);
			runOnlyForDeploymentPostprocessing = 0;
		};
/* End PBXSourcesBuildPhase section */

/* Begin PBXVariantGroup section */
		278FCE5E2B91E7E600992398 /* LaunchScreen.storyboard */ = {
			isa = PBXVariantGroup;
			children = (
				278FCE5F2B91E7E600992398 /* Base */,
			);
			name = LaunchScreen.storyboard;
			sourceTree = "<group>";
		};
/* End PBXVariantGroup section */

/* Begin XCBuildConfiguration section */
		278FCE622B91E7E600992398 /* Debug */ = {
			isa = XCBuildConfiguration;
			buildSettings = {
				ALWAYS_SEARCH_USER_PATHS = NO;
				ASSETCATALOG_COMPILER_GENERATE_SWIFT_ASSET_SYMBOL_EXTENSIONS = YES;
				CLANG_ANALYZER_NONNULL = YES;
				CLANG_ANALYZER_NUMBER_OBJECT_CONVERSION = YES_AGGRESSIVE;
				CLANG_CXX_LANGUAGE_STANDARD = "gnu++20";
				CLANG_ENABLE_MODULES = YES;
				CLANG_ENABLE_OBJC_ARC = YES;
				CLANG_ENABLE_OBJC_WEAK = YES;
				CLANG_WARN_BLOCK_CAPTURE_AUTORELEASING = YES;
				CLANG_WARN_BOOL_CONVERSION = YES;
				CLANG_WARN_COMMA = YES;
				CLANG_WARN_CONSTANT_CONVERSION = YES;
				CLANG_WARN_DEPRECATED_OBJC_IMPLEMENTATIONS = YES;
				CLANG_WARN_DIRECT_OBJC_ISA_USAGE = YES_ERROR;
				CLANG_WARN_DOCUMENTATION_COMMENTS = YES;
				CLANG_WARN_EMPTY_BODY = YES;
				CLANG_WARN_ENUM_CONVERSION = YES;
				CLANG_WARN_INFINITE_RECURSION = YES;
				CLANG_WARN_INT_CONVERSION = YES;
				CLANG_WARN_NON_LITERAL_NULL_CONVERSION = YES;
				CLANG_WARN_OBJC_IMPLICIT_RETAIN_SELF = YES;
				CLANG_WARN_OBJC_LITERAL_CONVERSION = YES;
				CLANG_WARN_OBJC_ROOT_CLASS = YES_ERROR;
				CLANG_WARN_QUOTED_INCLUDE_IN_FRAMEWORK_HEADER = YES;
				CLANG_WARN_RANGE_LOOP_ANALYSIS = YES;
				CLANG_WARN_STRICT_PROTOTYPES = YES;
				CLANG_WARN_SUSPICIOUS_MOVE = YES;
				CLANG_WARN_UNGUARDED_AVAILABILITY = YES_AGGRESSIVE;
				CLANG_WARN_UNREACHABLE_CODE = YES;
				CLANG_WARN__DUPLICATE_METHOD_MATCH = YES;
				COPY_PHASE_STRIP = NO;
				DEBUG_INFORMATION_FORMAT = dwarf;
				ENABLE_STRICT_OBJC_MSGSEND = YES;
				ENABLE_TESTABILITY = YES;
				ENABLE_USER_SCRIPT_SANDBOXING = YES;
				GCC_C_LANGUAGE_STANDARD = gnu17;
				GCC_DYNAMIC_NO_PIC = NO;
				GCC_NO_COMMON_BLOCKS = YES;
				GCC_OPTIMIZATION_LEVEL = 0;
				GCC_PREPROCESSOR_DEFINITIONS = (
					"DEBUG=1",
					"$(inherited)",
				);
				GCC_WARN_64_TO_32_BIT_CONVERSION = YES;
				GCC_WARN_ABOUT_RETURN_TYPE = YES_ERROR;
				GCC_WARN_UNDECLARED_SELECTOR = YES;
				GCC_WARN_UNINITIALIZED_AUTOS = YES_AGGRESSIVE;
				GCC_WARN_UNUSED_FUNCTION = YES;
				GCC_WARN_UNUSED_VARIABLE = YES;
				IPHONEOS_DEPLOYMENT_TARGET = 17.2;
				LOCALIZATION_PREFERS_STRING_CATALOGS = YES;
				MTL_ENABLE_DEBUG_INFO = INCLUDE_SOURCE;
				MTL_FAST_MATH = YES;
				ONLY_ACTIVE_ARCH = YES;
				SDKROOT = iphoneos;
				SWIFT_ACTIVE_COMPILATION_CONDITIONS = "DEBUG $(inherited)";
				SWIFT_OPTIMIZATION_LEVEL = "-Onone";
			};
			name = Debug;
		};
		278FCE632B91E7E600992398 /* Release */ = {
			isa = XCBuildConfiguration;
			buildSettings = {
				ALWAYS_SEARCH_USER_PATHS = NO;
				ASSETCATALOG_COMPILER_GENERATE_SWIFT_ASSET_SYMBOL_EXTENSIONS = YES;
				CLANG_ANALYZER_NONNULL = YES;
				CLANG_ANALYZER_NUMBER_OBJECT_CONVERSION = YES_AGGRESSIVE;
				CLANG_CXX_LANGUAGE_STANDARD = "gnu++20";
				CLANG_ENABLE_MODULES = YES;
				CLANG_ENABLE_OBJC_ARC = YES;
				CLANG_ENABLE_OBJC_WEAK = YES;
				CLANG_WARN_BLOCK_CAPTURE_AUTORELEASING = YES;
				CLANG_WARN_BOOL_CONVERSION = YES;
				CLANG_WARN_COMMA = YES;
				CLANG_WARN_CONSTANT_CONVERSION = YES;
				CLANG_WARN_DEPRECATED_OBJC_IMPLEMENTATIONS = YES;
				CLANG_WARN_DIRECT_OBJC_ISA_USAGE = YES_ERROR;
				CLANG_WARN_DOCUMENTATION_COMMENTS = YES;
				CLANG_WARN_EMPTY_BODY = YES;
				CLANG_WARN_ENUM_CONVERSION = YES;
				CLANG_WARN_INFINITE_RECURSION = YES;
				CLANG_WARN_INT_CONVERSION = YES;
				CLANG_WARN_NON_LITERAL_NULL_CONVERSION = YES;
				CLANG_WARN_OBJC_IMPLICIT_RETAIN_SELF = YES;
				CLANG_WARN_OBJC_LITERAL_CONVERSION = YES;
				CLANG_WARN_OBJC_ROOT_CLASS = YES_ERROR;
				CLANG_WARN_QUOTED_INCLUDE_IN_FRAMEWORK_HEADER = YES;
				CLANG_WARN_RANGE_LOOP_ANALYSIS = YES;
				CLANG_WARN_STRICT_PROTOTYPES = YES;
				CLANG_WARN_SUSPICIOUS_MOVE = YES;
				CLANG_WARN_UNGUARDED_AVAILABILITY = YES_AGGRESSIVE;
				CLANG_WARN_UNREACHABLE_CODE = YES;
				CLANG_WARN__DUPLICATE_METHOD_MATCH = YES;
				COPY_PHASE_STRIP = NO;
				DEBUG_INFORMATION_FORMAT = "dwarf-with-dsym";
				ENABLE_NS_ASSERTIONS = NO;
				ENABLE_STRICT_OBJC_MSGSEND = YES;
				ENABLE_USER_SCRIPT_SANDBOXING = YES;
				GCC_C_LANGUAGE_STANDARD = gnu17;
				GCC_NO_COMMON_BLOCKS = YES;
				GCC_WARN_64_TO_32_BIT_CONVERSION = YES;
				GCC_WARN_ABOUT_RETURN_TYPE = YES_ERROR;
				GCC_WARN_UNDECLARED_SELECTOR = YES;
				GCC_WARN_UNINITIALIZED_AUTOS = YES_AGGRESSIVE;
				GCC_WARN_UNUSED_FUNCTION = YES;
				GCC_WARN_UNUSED_VARIABLE = YES;
				IPHONEOS_DEPLOYMENT_TARGET = 17.2;
				LOCALIZATION_PREFERS_STRING_CATALOGS = YES;
				MTL_ENABLE_DEBUG_INFO = NO;
				MTL_FAST_MATH = YES;
				SDKROOT = iphoneos;
				SWIFT_COMPILATION_MODE = wholemodule;
				VALIDATE_PRODUCT = YES;
			};
			name = Release;
		};
		278FCE652B91E7E600992398 /* Debug */ = {
			isa = XCBuildConfiguration;
			buildSettings = {
				ASSETCATALOG_COMPILER_APPICON_NAME = AppIcon;
				ASSETCATALOG_COMPILER_GLOBAL_ACCENT_COLOR_NAME = AccentColor;
				CODE_SIGN_ENTITLEMENTS = GHFollowers/GHFollowers.entitlements;
				CODE_SIGN_IDENTITY = "Apple Development";
				CODE_SIGN_STYLE = Automatic;
				CURRENT_PROJECT_VERSION = 1;
				DEVELOPMENT_TEAM = 2999S28WYM;
				GENERATE_INFOPLIST_FILE = YES;
				INFOPLIST_FILE = GHFollowers/Info.plist;
				INFOPLIST_KEY_UIApplicationSupportsIndirectInputEvents = YES;
				INFOPLIST_KEY_UILaunchStoryboardName = LaunchScreen;
				INFOPLIST_KEY_UISupportedInterfaceOrientations = UIInterfaceOrientationPortrait;
				LD_RUNPATH_SEARCH_PATHS = (
					"$(inherited)",
					"@executable_path/Frameworks",
				);
				MARKETING_VERSION = 1.0;
				PRODUCT_BUNDLE_IDENTIFIER = miguelloureiro.GHFollowers;
				PRODUCT_NAME = "$(TARGET_NAME)";
				PROVISIONING_PROFILE_SPECIFIER = "";
				SWIFT_EMIT_LOC_STRINGS = YES;
				SWIFT_VERSION = 5.0;
				TARGETED_DEVICE_FAMILY = "1,2";
			};
			name = Debug;
		};
		278FCE662B91E7E600992398 /* Release */ = {
			isa = XCBuildConfiguration;
			buildSettings = {
				ASSETCATALOG_COMPILER_APPICON_NAME = AppIcon;
				ASSETCATALOG_COMPILER_GLOBAL_ACCENT_COLOR_NAME = AccentColor;
				CODE_SIGN_ENTITLEMENTS = GHFollowers/GHFollowers.entitlements;
				CODE_SIGN_IDENTITY = "Apple Development";
				CODE_SIGN_STYLE = Automatic;
				CURRENT_PROJECT_VERSION = 1;
				DEVELOPMENT_TEAM = 2999S28WYM;
				GENERATE_INFOPLIST_FILE = YES;
				INFOPLIST_FILE = GHFollowers/Info.plist;
				INFOPLIST_KEY_UIApplicationSupportsIndirectInputEvents = YES;
				INFOPLIST_KEY_UILaunchStoryboardName = LaunchScreen;
				INFOPLIST_KEY_UISupportedInterfaceOrientations = UIInterfaceOrientationPortrait;
				LD_RUNPATH_SEARCH_PATHS = (
					"$(inherited)",
					"@executable_path/Frameworks",
				);
				MARKETING_VERSION = 1.0;
				PRODUCT_BUNDLE_IDENTIFIER = miguelloureiro.GHFollowers;
				PRODUCT_NAME = "$(TARGET_NAME)";
				PROVISIONING_PROFILE_SPECIFIER = "";
				SWIFT_EMIT_LOC_STRINGS = YES;
				SWIFT_VERSION = 5.0;
				TARGETED_DEVICE_FAMILY = "1,2";
			};
			name = Release;
		};
/* End XCBuildConfiguration section */

/* Begin XCConfigurationList section */
		278FCE4B2B91E7E400992398 /* Build configuration list for PBXProject "GHFollowers" */ = {
			isa = XCConfigurationList;
			buildConfigurations = (
				278FCE622B91E7E600992398 /* Debug */,
				278FCE632B91E7E600992398 /* Release */,
			);
			defaultConfigurationIsVisible = 0;
			defaultConfigurationName = Release;
		};
		278FCE642B91E7E600992398 /* Build configuration list for PBXNativeTarget "GHFollowers" */ = {
			isa = XCConfigurationList;
			buildConfigurations = (
				278FCE652B91E7E600992398 /* Debug */,
				278FCE662B91E7E600992398 /* Release */,
			);
			defaultConfigurationIsVisible = 0;
			defaultConfigurationName = Release;
		};
/* End XCConfigurationList section */
	};
	rootObject = 278FCE482B91E7E400992398 /* Project object */;
}
